
Microsoft Visual Studio Solution File, Format Version 12.00
# Visual Studio Version 17
VisualStudioVersion = 17.2.32602.215
MinimumVisualStudioVersion = 10.0.40219.1
Project("{FAE04EC0-301F-11D3-BF4B-00C04F79EFBC}") = "QuizWeb", "QuizWeb\QuizWeb.csproj", "{20A45FDD-88D9-47A0-ADA9-1A07A77BEF43}"
EndProject
Global
	GlobalSection(SolutionConfigurationPlatforms) = preSolution
		Debug|Any CPU = Debug|Any CPU
		Release|Any CPU = Release|Any CPU
	EndGlobalSection
	GlobalSection(ProjectConfigurationPlatforms) = postSolution
		{20A45FDD-88D9-47A0-ADA9-1A07A77BEF43}.Debug|Any CPU.ActiveCfg = Debug|Any CPU
		{20A45FDD-88D9-47A0-ADA9-1A07A77BEF43}.Debug|Any CPU.Build.0 = Debug|Any CPU
		{20A45FDD-88D9-47A0-ADA9-1A07A77BEF43}.Release|Any CPU.ActiveCfg = Release|Any CPU
		{20A45FDD-88D9-47A0-ADA9-1A07A77BEF43}.Release|Any CPU.Build.0 = Release|Any CPU
	EndGlobalSection
	GlobalSection(SolutionProperties) = preSolution
		HideSolutionNode = FALSE
	EndGlobalSection
	GlobalSection(ExtensibilityGlobals) = postSolution
		SolutionGuid = {A91C97FA-53B2-4BF5-B900-87F483C017AE}
	EndGlobalSection
EndGlobal
